{
  "nodes": {
    "flake-compat": {
      "flake": false,
      "locked": {
        "lastModified": 1606424373,
        "narHash": "sha256-oq8d4//CJOrVj+EcOaSXvMebvuTkmBJuT5tzlfewUnQ=",
        "owner": "edolstra",
        "repo": "flake-compat",
        "rev": "99f1c2157fba4bfe6211a321fd0ee43199025dbf",
        "type": "github"
      },
      "original": {
        "owner": "edolstra",
        "repo": "flake-compat",
        "type": "github"
      }
    },
    "flake-utils": {
      "locked": {
        "lastModified": 1619345332,
        "narHash": "sha256-qHnQkEp1uklKTpx3MvKtY6xzgcqXDsz5nLilbbuL+3A=",
        "owner": "numtide",
        "repo": "flake-utils",
        "rev": "2ebf2558e5bf978c7fb8ea927dfaed8fefab2e28",
        "type": "github"
      },
      "original": {
        "owner": "numtide",
        "repo": "flake-utils",
        "type": "github"
      }
    },
    "gomod2nix-flake": {
      "inputs": {
        "nixpkgs": [
          "nixpkgs"
        ],
        "utils": "utils"
      },
      "locked": {
        "lastModified": 1617032337,
        "narHash": "sha256-BTmMxdIJyjOvOpNOaExcyvmJKI9OuhpWyXfOK164Epc=",
        "owner": "tweag",
        "repo": "gomod2nix",
        "rev": "c78d7b9f15a24eba95fbc228509f513c83709d8b",
        "type": "github"
      },
      "original": {
        "owner": "tweag",
        "repo": "gomod2nix",
        "type": "github"
      }
    },
    "naersk-flake": {
      "inputs": {
        "nixpkgs": [
          "nixpkgs"
        ]
      },
      "locked": {
        "lastModified": 1620316130,
        "narHash": "sha256-sU0VS5oJS1FsHsZsLELAXc7G2eIelVuucRw+q5B1x9k=",
        "owner": "nmattia",
        "repo": "naersk",
        "rev": "a3f40fe42cc6d267ff7518fa3199e99ff1444ac4",
        "type": "github"
      },
      "original": {
        "owner": "nmattia",
        "repo": "naersk",
        "type": "github"
      }
    },
    "nixpkgs": {
      "locked": {
        "lastModified": 1615709438,
        "narHash": "sha256-hDLC1wVzcD+9dt1U9QpbP0v9bOYD9NGczsobHIEhDYw=",
        "owner": "NixOS",
        "repo": "nixpkgs",
        "rev": "3a7674c896847d18e598fa5da23d7426cb9be3d2",
        "type": "github"
      },
      "original": {
        "id": "nixpkgs",
        "rev": "3a7674c896847d18e598fa5da23d7426cb9be3d2",
        "type": "indirect"
      }
    },
    "root": {
      "inputs": {
        "flake-compat": "flake-compat",
        "flake-utils": "flake-utils",
        "gomod2nix-flake": "gomod2nix-flake",
        "naersk-flake": "naersk-flake",
        "nixpkgs": "nixpkgs"
      }
    },
    "utils": {
      "locked": {
        "lastModified": 1601282935,
        "narHash": "sha256-WQAFV6sGGQxrRs3a+/Yj9xUYvhTpukQJIcMbIi7LCJ4=",
        "owner": "numtide",
        "repo": "flake-utils",
        "rev": "588973065fce51f4763287f0fda87a174d78bf48",
        "type": "github"
      },
      "original": {
        "owner": "numtide",
        "repo": "flake-utils",
        "type": "github"
      }
    }
  },
  "root": "root",
  "version": 7
}
